{
  "object": {
    "pins": [
      {
        "package": "TOCropViewController",
        "repositoryURL": "https://github.com/TimOliver/TOCropViewController.git",
        "state": {
          "branch": null,
          "revision": "182aa17bfb598c7ff6879c985ef85bb21eb51542",
          "version": "2.5.5"
        }
      }
    ]
  },
  "version": 1
}
