// !$*UTF8*$!
{
	archiveVersion = 1;
	classes = {
	};
	objectVersion = 52;
	objects = {

/* Begin PBXBuildFile section */
		3935781A256972FB00743E71 /* NormalToggleStyle.swift in Sources */ = {isa = PBXBuildFile; fileRef = 39357819256972FB00743E71 /* NormalToggleStyle.swift */; };
		393578222569766200743E71 /* SingleColorBackground.swift in Sources */ = {isa = PBXBuildFile; fileRef = 393578212569766200743E71 /* SingleColorBackground.swift */; };
		393578272569775900743E71 /* FocusedImageViewer.swift in Sources */ = {isa = PBXBuildFile; fileRef = 393578262569775900743E71 /* FocusedImageViewer.swift */; };
		3935782C256AC24000743E71 /* CGSizeOperatorOverload.swift in Sources */ = {isa = PBXBuildFile; fileRef = 3935782B256AC24000743E71 /* CGSizeOperatorOverload.swift */; };
		39357831256AD97C00743E71 /* SingleColorBackgroundExtension.swift in Sources */ = {isa = PBXBuildFile; fileRef = 39357830256AD97C00743E71 /* SingleColorBackgroundExtension.swift */; };
		3935783C256CABE100743E71 /* TabStack.swift in Sources */ = {isa = PBXBuildFile; fileRef = 3935783B256CABE100743E71 /* TabStack.swift */; };
		39357844256CB24C00743E71 /* EditButtonStack.swift in Sources */ = {isa = PBXBuildFile; fileRef = 39357843256CB24C00743E71 /* EditButtonStack.swift */; };
		3935784C256CB6AB00743E71 /* CaptionAboveMemeView.swift in Sources */ = {isa = PBXBuildFile; fileRef = 3935784B256CB6AB00743E71 /* CaptionAboveMemeView.swift */; };
		39357857256D4B9A00743E71 /* Colors.swift in Sources */ = {isa = PBXBuildFile; fileRef = 39357856256D4B9A00743E71 /* Colors.swift */; };
		3935785C256E0C8A00743E71 /* Fonts.swift in Sources */ = {isa = PBXBuildFile; fileRef = 3935785B256E0C8A00743E71 /* Fonts.swift */; };
		39357861256E0F9C00743E71 /* ForEachExtension.swift in Sources */ = {isa = PBXBuildFile; fileRef = 39357860256E0F9C00743E71 /* ForEachExtension.swift */; };
		3935786825700B6A00743E71 /* TabType.swift in Sources */ = {isa = PBXBuildFile; fileRef = 3935786725700B6A00743E71 /* TabType.swift */; };
		3935787025700BB800743E71 /* EditStackSubMenuType.swift in Sources */ = {isa = PBXBuildFile; fileRef = 3935786F25700BB800743E71 /* EditStackSubMenuType.swift */; };
		39357880257013FC00743E71 /* EditCaptionView.swift in Sources */ = {isa = PBXBuildFile; fileRef = 3935787F257013FC00743E71 /* EditCaptionView.swift */; };
		3935788B2570196800743E71 /* EditCaptionButtonsModifier.swift in Sources */ = {isa = PBXBuildFile; fileRef = 3935788A2570196800743E71 /* EditCaptionButtonsModifier.swift */; };
		39357890257019B100743E71 /* EditCaptionButtonsStyle.swift in Sources */ = {isa = PBXBuildFile; fileRef = 3935788F257019B100743E71 /* EditCaptionButtonsStyle.swift */; };
		3935789525701CA000743E71 /* ViewEditingExtension.swift in Sources */ = {isa = PBXBuildFile; fileRef = 3935789425701CA000743E71 /* ViewEditingExtension.swift */; };
		3935789D25701CD000743E71 /* ViewEditingModifier.swift in Sources */ = {isa = PBXBuildFile; fileRef = 3935789C25701CD000743E71 /* ViewEditingModifier.swift */; };
		393578A325701FFD00743E71 /* EditCaptionButtons.swift in Sources */ = {isa = PBXBuildFile; fileRef = 393578A225701FFD00743E71 /* EditCaptionButtons.swift */; };
		39362B97258A6394007053A0 /* FontTypeView.swift in Sources */ = {isa = PBXBuildFile; fileRef = 39362B96258A6394007053A0 /* FontTypeView.swift */; };
		39362B9F258A64B7007053A0 /* FontSizeView.swift in Sources */ = {isa = PBXBuildFile; fileRef = 39362B9E258A64B7007053A0 /* FontSizeView.swift */; };
		39362BA4258A6510007053A0 /* FontColorView.swift in Sources */ = {isa = PBXBuildFile; fileRef = 39362BA3258A6510007053A0 /* FontColorView.swift */; };
		39362BA9258A6555007053A0 /* CaptionBackgroundColorView.swift in Sources */ = {isa = PBXBuildFile; fileRef = 39362BA8258A6555007053A0 /* CaptionBackgroundColorView.swift */; };
		39362BAE258A6598007053A0 /* MenuButton.swift in Sources */ = {isa = PBXBuildFile; fileRef = 39362BAD258A6598007053A0 /* MenuButton.swift */; };
		39362BB4258A6B57007053A0 /* MainMenu.swift in Sources */ = {isa = PBXBuildFile; fileRef = 39362BB3258A6B57007053A0 /* MainMenu.swift */; };
		39362BBC258A6D75007053A0 /* MainView.swift in Sources */ = {isa = PBXBuildFile; fileRef = 39362BBB258A6D75007053A0 /* MainView.swift */; };
		39362BC1258A6F32007053A0 /* MemeType.swift in Sources */ = {isa = PBXBuildFile; fileRef = 39362BC0258A6F32007053A0 /* MemeType.swift */; };
		39704C532586D1F400018324 /* SelectImageView.swift in Sources */ = {isa = PBXBuildFile; fileRef = 39704C522586D1F400018324 /* SelectImageView.swift */; };
		397280AD258FA511006326F3 /* MemerooNavBar.swift in Sources */ = {isa = PBXBuildFile; fileRef = 397280AC258FA511006326F3 /* MemerooNavBar.swift */; };
		397280D825917D5E006326F3 /* FreeTextMemeView.swift in Sources */ = {isa = PBXBuildFile; fileRef = 397280D725917D5E006326F3 /* FreeTextMemeView.swift */; };
		397280F225918CD5006326F3 /* FreeTextCaption.swift in Sources */ = {isa = PBXBuildFile; fileRef = 397280F125918CD5006326F3 /* FreeTextCaption.swift */; };
		39882C79253922480072C2A5 /* Meme.swift in Sources */ = {isa = PBXBuildFile; fileRef = 39882C78253922480072C2A5 /* Meme.swift */; };
		39959D292592604100F1A71F /* SubmenuButtonStack.swift in Sources */ = {isa = PBXBuildFile; fileRef = 39959D282592604100F1A71F /* SubmenuButtonStack.swift */; };
		39959D31259264AC00F1A71F /* MenuButtonStack.swift in Sources */ = {isa = PBXBuildFile; fileRef = 39959D30259264AC00F1A71F /* MenuButtonStack.swift */; };
		39959D3E2592764600F1A71F /* CaptionEditingMode.swift in Sources */ = {isa = PBXBuildFile; fileRef = 39959D3D2592764600F1A71F /* CaptionEditingMode.swift */; };
		399ED91D2538E8E90089BD95 /* CaptureViewContextExtension.swift in Sources */ = {isa = PBXBuildFile; fileRef = 399ED91C2538E8E90089BD95 /* CaptureViewContextExtension.swift */; };
		399ED9272538E9C30089BD95 /* ImageCropper.swift in Sources */ = {isa = PBXBuildFile; fileRef = 399ED9262538E9C30089BD95 /* ImageCropper.swift */; };
		399ED92F2538EAA30089BD95 /* ImagePicker.swift in Sources */ = {isa = PBXBuildFile; fileRef = 399ED92E2538EAA30089BD95 /* ImagePicker.swift */; };
		39B75165254639BE0016714B /* Constants.swift in Sources */ = {isa = PBXBuildFile; fileRef = 39B75164254639BE0016714B /* Constants.swift */; };
		39B7516D254878140016714B /* MemeEditorView.swift in Sources */ = {isa = PBXBuildFile; fileRef = 39B7516C254878140016714B /* MemeEditorView.swift */; };
		39B7517525487AA40016714B /* ViewRouter.swift in Sources */ = {isa = PBXBuildFile; fileRef = 39B7517425487AA40016714B /* ViewRouter.swift */; };
		39B7517B2548B63E0016714B /* ColorfulBackground.swift in Sources */ = {isa = PBXBuildFile; fileRef = 39B7517A2548B63E0016714B /* ColorfulBackground.swift */; };
		39B751832548B67E0016714B /* ColorfulShareSheetStyle.swift in Sources */ = {isa = PBXBuildFile; fileRef = 39B751822548B67E0016714B /* ColorfulShareSheetStyle.swift */; };
		39B751882548B6C80016714B /* ShareButton.swift in Sources */ = {isa = PBXBuildFile; fileRef = 39B751872548B6C80016714B /* ShareButton.swift */; };
		39B7518D2548B6F60016714B /* MemerooToggleStyle.swift in Sources */ = {isa = PBXBuildFile; fileRef = 39B7518C2548B6F60016714B /* MemerooToggleStyle.swift */; };
		39B751922548B71E0016714B /* TabIcon.swift in Sources */ = {isa = PBXBuildFile; fileRef = 39B751912548B71E0016714B /* TabIcon.swift */; };
		39B751A22548CF640016714B /* LinearGradientCustomInit.swift in Sources */ = {isa = PBXBuildFile; fileRef = 39B751A12548CF640016714B /* LinearGradientCustomInit.swift */; };
		39B751AA2548CFAA0016714B /* NeumorphicColorExtension.swift in Sources */ = {isa = PBXBuildFile; fileRef = 39B751A92548CFAA0016714B /* NeumorphicColorExtension.swift */; };
		39B751AF2548CFCC0016714B /* UIColorChannelSplitExtension.swift in Sources */ = {isa = PBXBuildFile; fileRef = 39B751AE2548CFCC0016714B /* UIColorChannelSplitExtension.swift */; };
		39B751B42548CFE80016714B /* DoubleAverageExtension.swift in Sources */ = {isa = PBXBuildFile; fileRef = 39B751B32548CFE80016714B /* DoubleAverageExtension.swift */; };
		39B9297925313E8300DFC401 /* MemerooApp.swift in Sources */ = {isa = PBXBuildFile; fileRef = 39B9297825313E8300DFC401 /* MemerooApp.swift */; };
		39B9297B25313E8300DFC401 /* ContentView.swift in Sources */ = {isa = PBXBuildFile; fileRef = 39B9297A25313E8300DFC401 /* ContentView.swift */; };
		39B9297D25313E8500DFC401 /* Assets.xcassets in Resources */ = {isa = PBXBuildFile; fileRef = 39B9297C25313E8500DFC401 /* Assets.xcassets */; };
		39B9298025313E8500DFC401 /* Preview Assets.xcassets in Resources */ = {isa = PBXBuildFile; fileRef = 39B9297F25313E8500DFC401 /* Preview Assets.xcassets */; };
		39B9298225313E8500DFC401 /* Persistence.swift in Sources */ = {isa = PBXBuildFile; fileRef = 39B9298125313E8500DFC401 /* Persistence.swift */; };
		39B9298525313E8500DFC401 /* Memeroo.xcdatamodeld in Sources */ = {isa = PBXBuildFile; fileRef = 39B9298325313E8500DFC401 /* Memeroo.xcdatamodeld */; };
		39B9299025313E8500DFC401 /* MemerooTests.swift in Sources */ = {isa = PBXBuildFile; fileRef = 39B9298F25313E8500DFC401 /* MemerooTests.swift */; };
		39B9299B25313E8500DFC401 /* MemerooUITests.swift in Sources */ = {isa = PBXBuildFile; fileRef = 39B9299A25313E8500DFC401 /* MemerooUITests.swift */; };
		39E5CDDA25353DF7001C338C /* CropViewController in Frameworks */ = {isa = PBXBuildFile; productRef = 39E5CDD925353DF7001C338C /* CropViewController */; };
		39E5CDDC25353DF7001C338C /* TOCropViewController in Frameworks */ = {isa = PBXBuildFile; productRef = 39E5CDDB25353DF7001C338C /* TOCropViewController */; };
		39E621672592A5D800C70023 /* FontStrokeColorView.swift in Sources */ = {isa = PBXBuildFile; fileRef = 39E621662592A5D800C70023 /* FontStrokeColorView.swift */; };
		39E6216C2593B27E00C70023 /* TextStrokeModifier.swift in Sources */ = {isa = PBXBuildFile; fileRef = 39E6216B2593B27E00C70023 /* TextStrokeModifier.swift */; };
		39E6217125941F1800C70023 /* AddTextStrokeExtension.swift in Sources */ = {isa = PBXBuildFile; fileRef = 39E6217025941F1800C70023 /* AddTextStrokeExtension.swift */; };
		39E621792594251B00C70023 /* Caption.swift in Sources */ = {isa = PBXBuildFile; fileRef = 39E621782594251B00C70023 /* Caption.swift */; };
/* End PBXBuildFile section */

/* Begin PBXContainerItemProxy section */
		39B9298C25313E8500DFC401 /* PBXContainerItemProxy */ = {
			isa = PBXContainerItemProxy;
			containerPortal = 39B9296D25313E8300DFC401 /* Project object */;
			proxyType = 1;
			remoteGlobalIDString = 39B9297425313E8300DFC401;
			remoteInfo = Memeroo;
		};
		39B9299725313E8500DFC401 /* PBXContainerItemProxy */ = {
			isa = PBXContainerItemProxy;
			containerPortal = 39B9296D25313E8300DFC401 /* Project object */;
			proxyType = 1;
			remoteGlobalIDString = 39B9297425313E8300DFC401;
			remoteInfo = Memeroo;
		};
/* End PBXContainerItemProxy section */

/* Begin PBXFileReference section */
		39357819256972FB00743E71 /* NormalToggleStyle.swift */ = {isa = PBXFileReference; lastKnownFileType = sourcecode.swift; path = NormalToggleStyle.swift; sourceTree = "<group>"; };
		393578212569766200743E71 /* SingleColorBackground.swift */ = {isa = PBXFileReference; lastKnownFileType = sourcecode.swift; path = SingleColorBackground.swift; sourceTree = "<group>"; };
		393578262569775900743E71 /* FocusedImageViewer.swift */ = {isa = PBXFileReference; lastKnownFileType = sourcecode.swift; path = FocusedImageViewer.swift; sourceTree = "<group>"; };
		3935782B256AC24000743E71 /* CGSizeOperatorOverload.swift */ = {isa = PBXFileReference; lastKnownFileType = sourcecode.swift; path = CGSizeOperatorOverload.swift; sourceTree = "<group>"; };
		39357830256AD97C00743E71 /* SingleColorBackgroundExtension.swift */ = {isa = PBXFileReference; lastKnownFileType = sourcecode.swift; path = SingleColorBackgroundExtension.swift; sourceTree = "<group>"; };
		3935783B256CABE100743E71 /* TabStack.swift */ = {isa = PBXFileReference; lastKnownFileType = sourcecode.swift; path = TabStack.swift; sourceTree = "<group>"; };
		39357843256CB24C00743E71 /* EditButtonStack.swift */ = {isa = PBXFileReference; lastKnownFileType = sourcecode.swift; path = EditButtonStack.swift; sourceTree = "<group>"; };
		3935784B256CB6AB00743E71 /* CaptionAboveMemeView.swift */ = {isa = PBXFileReference; lastKnownFileType = sourcecode.swift; path = CaptionAboveMemeView.swift; sourceTree = "<group>"; };
		39357856256D4B9A00743E71 /* Colors.swift */ = {isa = PBXFileReference; lastKnownFileType = sourcecode.swift; path = Colors.swift; sourceTree = "<group>"; };
		3935785B256E0C8A00743E71 /* Fonts.swift */ = {isa = PBXFileReference; lastKnownFileType = sourcecode.swift; path = Fonts.swift; sourceTree = "<group>"; };
		39357860256E0F9C00743E71 /* ForEachExtension.swift */ = {isa = PBXFileReference; lastKnownFileType = sourcecode.swift; path = ForEachExtension.swift; sourceTree = "<group>"; };
		3935786725700B6A00743E71 /* TabType.swift */ = {isa = PBXFileReference; lastKnownFileType = sourcecode.swift; path = TabType.swift; sourceTree = "<group>"; };
		3935786F25700BB800743E71 /* EditStackSubMenuType.swift */ = {isa = PBXFileReference; lastKnownFileType = sourcecode.swift; path = EditStackSubMenuType.swift; sourceTree = "<group>"; };
		3935787F257013FC00743E71 /* EditCaptionView.swift */ = {isa = PBXFileReference; lastKnownFileType = sourcecode.swift; path = EditCaptionView.swift; sourceTree = "<group>"; };
		3935788A2570196800743E71 /* EditCaptionButtonsModifier.swift */ = {isa = PBXFileReference; lastKnownFileType = sourcecode.swift; path = EditCaptionButtonsModifier.swift; sourceTree = "<group>"; };
		3935788F257019B100743E71 /* EditCaptionButtonsStyle.swift */ = {isa = PBXFileReference; lastKnownFileType = sourcecode.swift; path = EditCaptionButtonsStyle.swift; sourceTree = "<group>"; };
		3935789425701CA000743E71 /* ViewEditingExtension.swift */ = {isa = PBXFileReference; lastKnownFileType = sourcecode.swift; path = ViewEditingExtension.swift; sourceTree = "<group>"; };
		3935789C25701CD000743E71 /* ViewEditingModifier.swift */ = {isa = PBXFileReference; lastKnownFileType = sourcecode.swift; path = ViewEditingModifier.swift; sourceTree = "<group>"; };
		393578A225701FFD00743E71 /* EditCaptionButtons.swift */ = {isa = PBXFileReference; lastKnownFileType = sourcecode.swift; path = EditCaptionButtons.swift; sourceTree = "<group>"; };
		39362B96258A6394007053A0 /* FontTypeView.swift */ = {isa = PBXFileReference; lastKnownFileType = sourcecode.swift; path = FontTypeView.swift; sourceTree = "<group>"; };
		39362B9E258A64B7007053A0 /* FontSizeView.swift */ = {isa = PBXFileReference; lastKnownFileType = sourcecode.swift; path = FontSizeView.swift; sourceTree = "<group>"; };
		39362BA3258A6510007053A0 /* FontColorView.swift */ = {isa = PBXFileReference; lastKnownFileType = sourcecode.swift; path = FontColorView.swift; sourceTree = "<group>"; };
		39362BA8258A6555007053A0 /* CaptionBackgroundColorView.swift */ = {isa = PBXFileReference; lastKnownFileType = sourcecode.swift; path = CaptionBackgroundColorView.swift; sourceTree = "<group>"; };
		39362BAD258A6598007053A0 /* MenuButton.swift */ = {isa = PBXFileReference; lastKnownFileType = sourcecode.swift; path = MenuButton.swift; sourceTree = "<group>"; };
		39362BB3258A6B57007053A0 /* MainMenu.swift */ = {isa = PBXFileReference; lastKnownFileType = sourcecode.swift; path = MainMenu.swift; sourceTree = "<group>"; };
		39362BBB258A6D75007053A0 /* MainView.swift */ = {isa = PBXFileReference; lastKnownFileType = sourcecode.swift; path = MainView.swift; sourceTree = "<group>"; };
		39362BC0258A6F32007053A0 /* MemeType.swift */ = {isa = PBXFileReference; lastKnownFileType = sourcecode.swift; path = MemeType.swift; sourceTree = "<group>"; };
		39704C522586D1F400018324 /* SelectImageView.swift */ = {isa = PBXFileReference; lastKnownFileType = sourcecode.swift; path = SelectImageView.swift; sourceTree = "<group>"; };
		397280AC258FA511006326F3 /* MemerooNavBar.swift */ = {isa = PBXFileReference; lastKnownFileType = sourcecode.swift; path = MemerooNavBar.swift; sourceTree = "<group>"; };
		397280D725917D5E006326F3 /* FreeTextMemeView.swift */ = {isa = PBXFileReference; lastKnownFileType = sourcecode.swift; path = FreeTextMemeView.swift; sourceTree = "<group>"; };
		397280F125918CD5006326F3 /* FreeTextCaption.swift */ = {isa = PBXFileReference; lastKnownFileType = sourcecode.swift; path = FreeTextCaption.swift; sourceTree = "<group>"; };
		39882C78253922480072C2A5 /* Meme.swift */ = {isa = PBXFileReference; lastKnownFileType = sourcecode.swift; path = Meme.swift; sourceTree = "<group>"; };
		39959D282592604100F1A71F /* SubmenuButtonStack.swift */ = {isa = PBXFileReference; lastKnownFileType = sourcecode.swift; path = SubmenuButtonStack.swift; sourceTree = "<group>"; };
		39959D30259264AC00F1A71F /* MenuButtonStack.swift */ = {isa = PBXFileReference; lastKnownFileType = sourcecode.swift; path = MenuButtonStack.swift; sourceTree = "<group>"; };
		39959D3D2592764600F1A71F /* CaptionEditingMode.swift */ = {isa = PBXFileReference; lastKnownFileType = sourcecode.swift; path = CaptionEditingMode.swift; sourceTree = "<group>"; };
		399ED91C2538E8E90089BD95 /* CaptureViewContextExtension.swift */ = {isa = PBXFileReference; lastKnownFileType = sourcecode.swift; path = CaptureViewContextExtension.swift; sourceTree = "<group>"; };
		399ED9262538E9C30089BD95 /* ImageCropper.swift */ = {isa = PBXFileReference; lastKnownFileType = sourcecode.swift; path = ImageCropper.swift; sourceTree = "<group>"; };
		399ED92E2538EAA30089BD95 /* ImagePicker.swift */ = {isa = PBXFileReference; lastKnownFileType = sourcecode.swift; path = ImagePicker.swift; sourceTree = "<group>"; };
		39B75164254639BE0016714B /* Constants.swift */ = {isa = PBXFileReference; lastKnownFileType = sourcecode.swift; path = Constants.swift; sourceTree = "<group>"; };
		39B7516C254878140016714B /* MemeEditorView.swift */ = {isa = PBXFileReference; lastKnownFileType = sourcecode.swift; path = MemeEditorView.swift; sourceTree = "<group>"; };
		39B7517425487AA40016714B /* ViewRouter.swift */ = {isa = PBXFileReference; lastKnownFileType = sourcecode.swift; path = ViewRouter.swift; sourceTree = "<group>"; };
		39B7517A2548B63E0016714B /* ColorfulBackground.swift */ = {isa = PBXFileReference; lastKnownFileType = sourcecode.swift; path = ColorfulBackground.swift; sourceTree = "<group>"; };
		39B751822548B67E0016714B /* ColorfulShareSheetStyle.swift */ = {isa = PBXFileReference; lastKnownFileType = sourcecode.swift; path = ColorfulShareSheetStyle.swift; sourceTree = "<group>"; };
		39B751872548B6C80016714B /* ShareButton.swift */ = {isa = PBXFileReference; lastKnownFileType = sourcecode.swift; path = ShareButton.swift; sourceTree = "<group>"; };
		39B7518C2548B6F60016714B /* MemerooToggleStyle.swift */ = {isa = PBXFileReference; lastKnownFileType = sourcecode.swift; path = MemerooToggleStyle.swift; sourceTree = "<group>"; };
		39B751912548B71E0016714B /* TabIcon.swift */ = {isa = PBXFileReference; lastKnownFileType = sourcecode.swift; path = TabIcon.swift; sourceTree = "<group>"; };
		39B751A12548CF640016714B /* LinearGradientCustomInit.swift */ = {isa = PBXFileReference; lastKnownFileType = sourcecode.swift; path = LinearGradientCustomInit.swift; sourceTree = "<group>"; };
		39B751A92548CFAA0016714B /* NeumorphicColorExtension.swift */ = {isa = PBXFileReference; lastKnownFileType = sourcecode.swift; path = NeumorphicColorExtension.swift; sourceTree = "<group>"; };
		39B751AE2548CFCC0016714B /* UIColorChannelSplitExtension.swift */ = {isa = PBXFileReference; lastKnownFileType = sourcecode.swift; path = UIColorChannelSplitExtension.swift; sourceTree = "<group>"; };
		39B751B32548CFE80016714B /* DoubleAverageExtension.swift */ = {isa = PBXFileReference; lastKnownFileType = sourcecode.swift; path = DoubleAverageExtension.swift; sourceTree = "<group>"; };
		39B9297525313E8300DFC401 /* Memeroo.app */ = {isa = PBXFileReference; explicitFileType = wrapper.application; includeInIndex = 0; path = Memeroo.app; sourceTree = BUILT_PRODUCTS_DIR; };
		39B9297825313E8300DFC401 /* MemerooApp.swift */ = {isa = PBXFileReference; lastKnownFileType = sourcecode.swift; path = MemerooApp.swift; sourceTree = "<group>"; };
		39B9297A25313E8300DFC401 /* ContentView.swift */ = {isa = PBXFileReference; lastKnownFileType = sourcecode.swift; path = ContentView.swift; sourceTree = "<group>"; };
		39B9297C25313E8500DFC401 /* Assets.xcassets */ = {isa = PBXFileReference; lastKnownFileType = folder.assetcatalog; path = Assets.xcassets; sourceTree = "<group>"; };
		39B9297F25313E8500DFC401 /* Preview Assets.xcassets */ = {isa = PBXFileReference; lastKnownFileType = folder.assetcatalog; path = "Preview Assets.xcassets"; sourceTree = "<group>"; };
		39B9298125313E8500DFC401 /* Persistence.swift */ = {isa = PBXFileReference; lastKnownFileType = sourcecode.swift; path = Persistence.swift; sourceTree = "<group>"; };
		39B9298425313E8500DFC401 /* Memeroo.xcdatamodel */ = {isa = PBXFileReference; lastKnownFileType = wrapper.xcdatamodel; path = Memeroo.xcdatamodel; sourceTree = "<group>"; };
		39B9298625313E8500DFC401 /* Info.plist */ = {isa = PBXFileReference; lastKnownFileType = text.plist.xml; path = Info.plist; sourceTree = "<group>"; };
		39B9298B25313E8500DFC401 /* MemerooTests.xctest */ = {isa = PBXFileReference; explicitFileType = wrapper.cfbundle; includeInIndex = 0; path = MemerooTests.xctest; sourceTree = BUILT_PRODUCTS_DIR; };
		39B9298F25313E8500DFC401 /* MemerooTests.swift */ = {isa = PBXFileReference; lastKnownFileType = sourcecode.swift; path = MemerooTests.swift; sourceTree = "<group>"; };
		39B9299125313E8500DFC401 /* Info.plist */ = {isa = PBXFileReference; lastKnownFileType = text.plist.xml; path = Info.plist; sourceTree = "<group>"; };
		39B9299625313E8500DFC401 /* MemerooUITests.xctest */ = {isa = PBXFileReference; explicitFileType = wrapper.cfbundle; includeInIndex = 0; path = MemerooUITests.xctest; sourceTree = BUILT_PRODUCTS_DIR; };
		39B9299A25313E8500DFC401 /* MemerooUITests.swift */ = {isa = PBXFileReference; lastKnownFileType = sourcecode.swift; path = MemerooUITests.swift; sourceTree = "<group>"; };
		39B9299C25313E8500DFC401 /* Info.plist */ = {isa = PBXFileReference; lastKnownFileType = text.plist.xml; path = Info.plist; sourceTree = "<group>"; };
		39E621662592A5D800C70023 /* FontStrokeColorView.swift */ = {isa = PBXFileReference; lastKnownFileType = sourcecode.swift; path = FontStrokeColorView.swift; sourceTree = "<group>"; };
		39E6216B2593B27E00C70023 /* TextStrokeModifier.swift */ = {isa = PBXFileReference; lastKnownFileType = sourcecode.swift; path = TextStrokeModifier.swift; sourceTree = "<group>"; };
		39E6217025941F1800C70023 /* AddTextStrokeExtension.swift */ = {isa = PBXFileReference; lastKnownFileType = sourcecode.swift; path = AddTextStrokeExtension.swift; sourceTree = "<group>"; };
		39E621782594251B00C70023 /* Caption.swift */ = {isa = PBXFileReference; lastKnownFileType = sourcecode.swift; path = Caption.swift; sourceTree = "<group>"; };
/* End PBXFileReference section */

/* Begin PBXFrameworksBuildPhase section */
		39B9297225313E8300DFC401 /* Frameworks */ = {
			isa = PBXFrameworksBuildPhase;
			buildActionMask = 2147483647;
			files = (
				39E5CDDC25353DF7001C338C /* TOCropViewController in Frameworks */,
				39E5CDDA25353DF7001C338C /* CropViewController in Frameworks */,
			);
			runOnlyForDeploymentPostprocessing = 0;
		};
		39B9298825313E8500DFC401 /* Frameworks */ = {
			isa = PBXFrameworksBuildPhase;
			buildActionMask = 2147483647;
			files = (
			);
			runOnlyForDeploymentPostprocessing = 0;
		};
		39B9299325313E8500DFC401 /* Frameworks */ = {
			isa = PBXFrameworksBuildPhase;
			buildActionMask = 2147483647;
			files = (
			);
			runOnlyForDeploymentPostprocessing = 0;
		};
/* End PBXFrameworksBuildPhase section */

/* Begin PBXGroup section */
		39357818256972E200743E71 /* Modifiers */ = {
			isa = PBXGroup;
			children = (
				39357819256972FB00743E71 /* NormalToggleStyle.swift */,
				393578212569766200743E71 /* SingleColorBackground.swift */,
				3935788A2570196800743E71 /* EditCaptionButtonsModifier.swift */,
				3935789C25701CD000743E71 /* ViewEditingModifier.swift */,
				39E6216B2593B27E00C70023 /* TextStrokeModifier.swift */,
			);
			path = Modifiers;
			sourceTree = "<group>";
		};
		3935786625700B5900743E71 /* Enums */ = {
			isa = PBXGroup;
			children = (
				3935786725700B6A00743E71 /* TabType.swift */,
				3935786F25700BB800743E71 /* EditStackSubMenuType.swift */,
				39362BC0258A6F32007053A0 /* MemeType.swift */,
				39959D3D2592764600F1A71F /* CaptionEditingMode.swift */,
			);
			path = Enums;
			sourceTree = "<group>";
		};
		393578A125701FD900743E71 /* Caption */ = {
			isa = PBXGroup;
			children = (
				3935787F257013FC00743E71 /* EditCaptionView.swift */,
				393578A225701FFD00743E71 /* EditCaptionButtons.swift */,
			);
			path = Caption;
			sourceTree = "<group>";
		};
		39362B95258A634D007053A0 /* Edit Buttons */ = {
			isa = PBXGroup;
			children = (
				39959D272592602400F1A71F /* Menu Buttons */,
				39959D262592600100F1A71F /* Submenu Buttons */,
				39357843256CB24C00743E71 /* EditButtonStack.swift */,
				39959D282592604100F1A71F /* SubmenuButtonStack.swift */,
				39959D30259264AC00F1A71F /* MenuButtonStack.swift */,
			);
			path = "Edit Buttons";
			sourceTree = "<group>";
		};
		39362BB2258A6B48007053A0 /* Menu */ = {
			isa = PBXGroup;
			children = (
				39362BB3258A6B57007053A0 /* MainMenu.swift */,
			);
			path = Menu;
			sourceTree = "<group>";
		};
		397280AA258FA45B006326F3 /* Meme Editor */ = {
			isa = PBXGroup;
			children = (
				397280D625917D4C006326F3 /* Free Text */,
				397280C925917C55006326F3 /* Caption Above */,
				393578262569775900743E71 /* FocusedImageViewer.swift */,
				39704C522586D1F400018324 /* SelectImageView.swift */,
				39B7516C254878140016714B /* MemeEditorView.swift */,
			);
			path = "Meme Editor";
			sourceTree = "<group>";
		};
		397280AB258FA4F9006326F3 /* Navigation */ = {
			isa = PBXGroup;
			children = (
				39B751872548B6C80016714B /* ShareButton.swift */,
				397280AC258FA511006326F3 /* MemerooNavBar.swift */,
			);
			path = Navigation;
			sourceTree = "<group>";
		};
		397280BA258FB969006326F3 /* Misc */ = {
			isa = PBXGroup;
			children = (
			);
			path = Misc;
			sourceTree = "<group>";
		};
		397280C925917C55006326F3 /* Caption Above */ = {
			isa = PBXGroup;
			children = (
				3935784B256CB6AB00743E71 /* CaptionAboveMemeView.swift */,
			);
			path = "Caption Above";
			sourceTree = "<group>";
		};
		397280D625917D4C006326F3 /* Free Text */ = {
			isa = PBXGroup;
			children = (
				397280D725917D5E006326F3 /* FreeTextMemeView.swift */,
				397280F125918CD5006326F3 /* FreeTextCaption.swift */,
			);
			path = "Free Text";
			sourceTree = "<group>";
		};
		39882C77253922220072C2A5 /* Classes */ = {
			isa = PBXGroup;
			children = (
				39882C78253922480072C2A5 /* Meme.swift */,
				39B7517425487AA40016714B /* ViewRouter.swift */,
			);
			path = Classes;
			sourceTree = "<group>";
		};
		39959D262592600100F1A71F /* Submenu Buttons */ = {
			isa = PBXGroup;
			children = (
				39362B96258A6394007053A0 /* FontTypeView.swift */,
				39362B9E258A64B7007053A0 /* FontSizeView.swift */,
				39362BA3258A6510007053A0 /* FontColorView.swift */,
				39362BA8258A6555007053A0 /* CaptionBackgroundColorView.swift */,
				39E621662592A5D800C70023 /* FontStrokeColorView.swift */,
			);
			path = "Submenu Buttons";
			sourceTree = "<group>";
		};
		39959D272592602400F1A71F /* Menu Buttons */ = {
			isa = PBXGroup;
			children = (
				39362BAD258A6598007053A0 /* MenuButton.swift */,
			);
			path = "Menu Buttons";
			sourceTree = "<group>";
		};
		399ED9132538E86B0089BD95 /* Important FIles */ = {
			isa = PBXGroup;
			children = (
				39B9297825313E8300DFC401 /* MemerooApp.swift */,
				39B9298625313E8500DFC401 /* Info.plist */,
				39B9298325313E8500DFC401 /* Memeroo.xcdatamodeld */,
				39362BBB258A6D75007053A0 /* MainView.swift */,
			);
			name = "Important FIles";
			sourceTree = "<group>";
		};
		399ED9142538E88C0089BD95 /* Assets */ = {
			isa = PBXGroup;
			children = (
				39B9297C25313E8500DFC401 /* Assets.xcassets */,
				39B9297E25313E8500DFC401 /* Preview Content */,
			);
			path = Assets;
			sourceTree = "<group>";
		};
		399ED91B2538E8C50089BD95 /* Extensions */ = {
			isa = PBXGroup;
			children = (
				399ED91C2538E8E90089BD95 /* CaptureViewContextExtension.swift */,
				39B751A12548CF640016714B /* LinearGradientCustomInit.swift */,
				39B751A92548CFAA0016714B /* NeumorphicColorExtension.swift */,
				39B751AE2548CFCC0016714B /* UIColorChannelSplitExtension.swift */,
				39B751B32548CFE80016714B /* DoubleAverageExtension.swift */,
				3935782B256AC24000743E71 /* CGSizeOperatorOverload.swift */,
				39357830256AD97C00743E71 /* SingleColorBackgroundExtension.swift */,
				39357860256E0F9C00743E71 /* ForEachExtension.swift */,
				3935788F257019B100743E71 /* EditCaptionButtonsStyle.swift */,
				3935789425701CA000743E71 /* ViewEditingExtension.swift */,
				39E6217025941F1800C70023 /* AddTextStrokeExtension.swift */,
			);
			path = Extensions;
			sourceTree = "<group>";
		};
		399ED9242538E93B0089BD95 /* Views */ = {
			isa = PBXGroup;
			children = (
				393578A125701FD900743E71 /* Caption */,
				39B7519A2548B7BC0016714B /* Deprecated */,
				39362B95258A634D007053A0 /* Edit Buttons */,
				397280AA258FA45B006326F3 /* Meme Editor */,
				39362BB2258A6B48007053A0 /* Menu */,
				397280BA258FB969006326F3 /* Misc */,
				397280AB258FA4F9006326F3 /* Navigation */,
				39B751792548B61C0016714B /* Neumorphic Views */,
				39B751962548B7A90016714B /* TabBar */,
				399ED9252538E9A90089BD95 /* ViewRepresentable */,
			);
			path = Views;
			sourceTree = "<group>";
		};
		399ED9252538E9A90089BD95 /* ViewRepresentable */ = {
			isa = PBXGroup;
			children = (
				399ED9262538E9C30089BD95 /* ImageCropper.swift */,
				399ED92E2538EAA30089BD95 /* ImagePicker.swift */,
			);
			path = ViewRepresentable;
			sourceTree = "<group>";
		};
		39B75163254639AB0016714B /* Structs */ = {
			isa = PBXGroup;
			children = (
				39B75164254639BE0016714B /* Constants.swift */,
				39357856256D4B9A00743E71 /* Colors.swift */,
				3935785B256E0C8A00743E71 /* Fonts.swift */,
				39E621782594251B00C70023 /* Caption.swift */,
			);
			path = Structs;
			sourceTree = "<group>";
		};
		39B751792548B61C0016714B /* Neumorphic Views */ = {
			isa = PBXGroup;
			children = (
				39B7517A2548B63E0016714B /* ColorfulBackground.swift */,
				39B751822548B67E0016714B /* ColorfulShareSheetStyle.swift */,
				39B7518C2548B6F60016714B /* MemerooToggleStyle.swift */,
			);
			path = "Neumorphic Views";
			sourceTree = "<group>";
		};
		39B751962548B7A90016714B /* TabBar */ = {
			isa = PBXGroup;
			children = (
				39B751912548B71E0016714B /* TabIcon.swift */,
				3935783B256CABE100743E71 /* TabStack.swift */,
			);
			path = TabBar;
			sourceTree = "<group>";
		};
		39B7519A2548B7BC0016714B /* Deprecated */ = {
			isa = PBXGroup;
			children = (
			);
			path = Deprecated;
			sourceTree = "<group>";
		};
		39B9296C25313E8300DFC401 = {
			isa = PBXGroup;
			children = (
				39B9297725313E8300DFC401 /* Memeroo */,
				39B9298E25313E8500DFC401 /* MemerooTests */,
				39B9299925313E8500DFC401 /* MemerooUITests */,
				39B9297625313E8300DFC401 /* Products */,
			);
			sourceTree = "<group>";
		};
		39B9297625313E8300DFC401 /* Products */ = {
			isa = PBXGroup;
			children = (
				39B9297525313E8300DFC401 /* Memeroo.app */,
				39B9298B25313E8500DFC401 /* MemerooTests.xctest */,
				39B9299625313E8500DFC401 /* MemerooUITests.xctest */,
			);
			name = Products;
			sourceTree = "<group>";
		};
		39B9297725313E8300DFC401 /* Memeroo */ = {
			isa = PBXGroup;
			children = (
				399ED9142538E88C0089BD95 /* Assets */,
				399ED9132538E86B0089BD95 /* Important FIles */,
				39B929AB25313EBF00DFC401 /* Core Data */,
				399ED91B2538E8C50089BD95 /* Extensions */,
				3935786625700B5900743E71 /* Enums */,
				39882C77253922220072C2A5 /* Classes */,
				39B75163254639AB0016714B /* Structs */,
				39357818256972E200743E71 /* Modifiers */,
				399ED9242538E93B0089BD95 /* Views */,
			);
			path = Memeroo;
			sourceTree = "<group>";
		};
		39B9297E25313E8500DFC401 /* Preview Content */ = {
			isa = PBXGroup;
			children = (
				39B9297F25313E8500DFC401 /* Preview Assets.xcassets */,
			);
			path = "Preview Content";
			sourceTree = "<group>";
		};
		39B9298E25313E8500DFC401 /* MemerooTests */ = {
			isa = PBXGroup;
			children = (
				39B9298F25313E8500DFC401 /* MemerooTests.swift */,
				39B9299125313E8500DFC401 /* Info.plist */,
			);
			path = MemerooTests;
			sourceTree = "<group>";
		};
		39B9299925313E8500DFC401 /* MemerooUITests */ = {
			isa = PBXGroup;
			children = (
				39B9299A25313E8500DFC401 /* MemerooUITests.swift */,
				39B9299C25313E8500DFC401 /* Info.plist */,
			);
			path = MemerooUITests;
			sourceTree = "<group>";
		};
		39B929AB25313EBF00DFC401 /* Core Data */ = {
			isa = PBXGroup;
			children = (
				39B9297A25313E8300DFC401 /* ContentView.swift */,
				39B9298125313E8500DFC401 /* Persistence.swift */,
			);
			path = "Core Data";
			sourceTree = "<group>";
		};
/* End PBXGroup section */

/* Begin PBXNativeTarget section */
		39B9297425313E8300DFC401 /* Memeroo */ = {
			isa = PBXNativeTarget;
			buildConfigurationList = 39B9299F25313E8500DFC401 /* Build configuration list for PBXNativeTarget "Memeroo" */;
			buildPhases = (
				39B9297125313E8300DFC401 /* Sources */,
				39B9297225313E8300DFC401 /* Frameworks */,
				39B9297325313E8300DFC401 /* Resources */,
			);
			buildRules = (
			);
			dependencies = (
			);
			name = Memeroo;
			packageProductDependencies = (
				39E5CDD925353DF7001C338C /* CropViewController */,
				39E5CDDB25353DF7001C338C /* TOCropViewController */,
			);
			productName = Memeroo;
			productReference = 39B9297525313E8300DFC401 /* Memeroo.app */;
			productType = "com.apple.product-type.application";
		};
		39B9298A25313E8500DFC401 /* MemerooTests */ = {
			isa = PBXNativeTarget;
			buildConfigurationList = 39B929A225313E8500DFC401 /* Build configuration list for PBXNativeTarget "MemerooTests" */;
			buildPhases = (
				39B9298725313E8500DFC401 /* Sources */,
				39B9298825313E8500DFC401 /* Frameworks */,
				39B9298925313E8500DFC401 /* Resources */,
			);
			buildRules = (
			);
			dependencies = (
				39B9298D25313E8500DFC401 /* PBXTargetDependency */,
			);
			name = MemerooTests;
			productName = MemerooTests;
			productReference = 39B9298B25313E8500DFC401 /* MemerooTests.xctest */;
			productType = "com.apple.product-type.bundle.unit-test";
		};
		39B9299525313E8500DFC401 /* MemerooUITests */ = {
			isa = PBXNativeTarget;
			buildConfigurationList = 39B929A525313E8500DFC401 /* Build configuration list for PBXNativeTarget "MemerooUITests" */;
			buildPhases = (
				39B9299225313E8500DFC401 /* Sources */,
				39B9299325313E8500DFC401 /* Frameworks */,
				39B9299425313E8500DFC401 /* Resources */,
			);
			buildRules = (
			);
			dependencies = (
				39B9299825313E8500DFC401 /* PBXTargetDependency */,
			);
			name = MemerooUITests;
			productName = MemerooUITests;
			productReference = 39B9299625313E8500DFC401 /* MemerooUITests.xctest */;
			productType = "com.apple.product-type.bundle.ui-testing";
		};
/* End PBXNativeTarget section */

/* Begin PBXProject section */
		39B9296D25313E8300DFC401 /* Project object */ = {
			isa = PBXProject;
			attributes = {
				LastSwiftUpdateCheck = 1200;
				LastUpgradeCheck = 1200;
				TargetAttributes = {
					39B9297425313E8300DFC401 = {
						CreatedOnToolsVersion = 12.0.1;
					};
					39B9298A25313E8500DFC401 = {
						CreatedOnToolsVersion = 12.0.1;
						TestTargetID = 39B9297425313E8300DFC401;
					};
					39B9299525313E8500DFC401 = {
						CreatedOnToolsVersion = 12.0.1;
						TestTargetID = 39B9297425313E8300DFC401;
					};
				};
			};
			buildConfigurationList = 39B9297025313E8300DFC401 /* Build configuration list for PBXProject "Memeroo" */;
			compatibilityVersion = "Xcode 9.3";
			developmentRegion = en;
			hasScannedForEncodings = 0;
			knownRegions = (
				en,
				Base,
			);
			mainGroup = 39B9296C25313E8300DFC401;
			packageReferences = (
				39E5CDD825353DF7001C338C /* XCRemoteSwiftPackageReference "TOCropViewController" */,
			);
			productRefGroup = 39B9297625313E8300DFC401 /* Products */;
			projectDirPath = "";
			projectRoot = "";
			targets = (
				39B9297425313E8300DFC401 /* Memeroo */,
				39B9298A25313E8500DFC401 /* MemerooTests */,
				39B9299525313E8500DFC401 /* MemerooUITests */,
			);
		};
/* End PBXProject section */

/* Begin PBXResourcesBuildPhase section */
		39B9297325313E8300DFC401 /* Resources */ = {
			isa = PBXResourcesBuildPhase;
			buildActionMask = 2147483647;
			files = (
				39B9298025313E8500DFC401 /* Preview Assets.xcassets in Resources */,
				39B9297D25313E8500DFC401 /* Assets.xcassets in Resources */,
			);
			runOnlyForDeploymentPostprocessing = 0;
		};
		39B9298925313E8500DFC401 /* Resources */ = {
			isa = PBXResourcesBuildPhase;
			buildActionMask = 2147483647;
			files = (
			);
			runOnlyForDeploymentPostprocessing = 0;
		};
		39B9299425313E8500DFC401 /* Resources */ = {
			isa = PBXResourcesBuildPhase;
			buildActionMask = 2147483647;
			files = (
			);
			runOnlyForDeploymentPostprocessing = 0;
		};
/* End PBXResourcesBuildPhase section */

/* Begin PBXSourcesBuildPhase section */
		39B9297125313E8300DFC401 /* Sources */ = {
			isa = PBXSourcesBuildPhase;
			buildActionMask = 2147483647;
			files = (
				39362BAE258A6598007053A0 /* MenuButton.swift in Sources */,
				3935789525701CA000743E71 /* ViewEditingExtension.swift in Sources */,
				3935789D25701CD000743E71 /* ViewEditingModifier.swift in Sources */,
				39362B9F258A64B7007053A0 /* FontSizeView.swift in Sources */,
				39362BC1258A6F32007053A0 /* MemeType.swift in Sources */,
				3935786825700B6A00743E71 /* TabType.swift in Sources */,
				39B751B42548CFE80016714B /* DoubleAverageExtension.swift in Sources */,
				39E6216C2593B27E00C70023 /* TextStrokeModifier.swift in Sources */,
				399ED91D2538E8E90089BD95 /* CaptureViewContextExtension.swift in Sources */,
				39959D292592604100F1A71F /* SubmenuButtonStack.swift in Sources */,
				39357857256D4B9A00743E71 /* Colors.swift in Sources */,
				3935784C256CB6AB00743E71 /* CaptionAboveMemeView.swift in Sources */,
				39B751922548B71E0016714B /* TabIcon.swift in Sources */,
				39357861256E0F9C00743E71 /* ForEachExtension.swift in Sources */,
				39357831256AD97C00743E71 /* SingleColorBackgroundExtension.swift in Sources */,
				39B751AF2548CFCC0016714B /* UIColorChannelSplitExtension.swift in Sources */,
				39959D31259264AC00F1A71F /* MenuButtonStack.swift in Sources */,
				3935781A256972FB00743E71 /* NormalToggleStyle.swift in Sources */,
				39357844256CB24C00743E71 /* EditButtonStack.swift in Sources */,
				3935787025700BB800743E71 /* EditStackSubMenuType.swift in Sources */,
				39B9298525313E8500DFC401 /* Memeroo.xcdatamodeld in Sources */,
				39357890257019B100743E71 /* EditCaptionButtonsStyle.swift in Sources */,
				39B751832548B67E0016714B /* ColorfulShareSheetStyle.swift in Sources */,
				397280D825917D5E006326F3 /* FreeTextMemeView.swift in Sources */,
				39704C532586D1F400018324 /* SelectImageView.swift in Sources */,
				39B751AA2548CFAA0016714B /* NeumorphicColorExtension.swift in Sources */,
				39B9298225313E8500DFC401 /* Persistence.swift in Sources */,
				39362BA9258A6555007053A0 /* CaptionBackgroundColorView.swift in Sources */,
				39B9297B25313E8300DFC401 /* ContentView.swift in Sources */,
				39362BBC258A6D75007053A0 /* MainView.swift in Sources */,
				39362BA4258A6510007053A0 /* FontColorView.swift in Sources */,
				39B7517525487AA40016714B /* ViewRouter.swift in Sources */,
				39E621792594251B00C70023 /* Caption.swift in Sources */,
				3935783C256CABE100743E71 /* TabStack.swift in Sources */,
				39E621672592A5D800C70023 /* FontStrokeColorView.swift in Sources */,
				393578222569766200743E71 /* SingleColorBackground.swift in Sources */,
				399ED92F2538EAA30089BD95 /* ImagePicker.swift in Sources */,
				3935785C256E0C8A00743E71 /* Fonts.swift in Sources */,
				39B7518D2548B6F60016714B /* MemerooToggleStyle.swift in Sources */,
				39E6217125941F1800C70023 /* AddTextStrokeExtension.swift in Sources */,
				397280F225918CD5006326F3 /* FreeTextCaption.swift in Sources */,
				399ED9272538E9C30089BD95 /* ImageCropper.swift in Sources */,
				3935788B2570196800743E71 /* EditCaptionButtonsModifier.swift in Sources */,
				393578A325701FFD00743E71 /* EditCaptionButtons.swift in Sources */,
				39959D3E2592764600F1A71F /* CaptionEditingMode.swift in Sources */,
				39B7517B2548B63E0016714B /* ColorfulBackground.swift in Sources */,
				39B7516D254878140016714B /* MemeEditorView.swift in Sources */,
				393578272569775900743E71 /* FocusedImageViewer.swift in Sources */,
				397280AD258FA511006326F3 /* MemerooNavBar.swift in Sources */,
				39B9297925313E8300DFC401 /* MemerooApp.swift in Sources */,
				3935782C256AC24000743E71 /* CGSizeOperatorOverload.swift in Sources */,
				39B75165254639BE0016714B /* Constants.swift in Sources */,
				39362B97258A6394007053A0 /* FontTypeView.swift in Sources */,
				39362BB4258A6B57007053A0 /* MainMenu.swift in Sources */,
				39357880257013FC00743E71 /* EditCaptionView.swift in Sources */,
				39B751A22548CF640016714B /* LinearGradientCustomInit.swift in Sources */,
				39882C79253922480072C2A5 /* Meme.swift in Sources */,
				39B751882548B6C80016714B /* ShareButton.swift in Sources */,
			);
			runOnlyForDeploymentPostprocessing = 0;
		};
		39B9298725313E8500DFC401 /* Sources */ = {
			isa = PBXSourcesBuildPhase;
			buildActionMask = 2147483647;
			files = (
				39B9299025313E8500DFC401 /* MemerooTests.swift in Sources */,
			);
			runOnlyForDeploymentPostprocessing = 0;
		};
		39B9299225313E8500DFC401 /* Sources */ = {
			isa = PBXSourcesBuildPhase;
			buildActionMask = 2147483647;
			files = (
				39B9299B25313E8500DFC401 /* MemerooUITests.swift in Sources */,
			);
			runOnlyForDeploymentPostprocessing = 0;
		};
/* End PBXSourcesBuildPhase section */

/* Begin PBXTargetDependency section */
		39B9298D25313E8500DFC401 /* PBXTargetDependency */ = {
			isa = PBXTargetDependency;
			target = 39B9297425313E8300DFC401 /* Memeroo */;
			targetProxy = 39B9298C25313E8500DFC401 /* PBXContainerItemProxy */;
		};
		39B9299825313E8500DFC401 /* PBXTargetDependency */ = {
			isa = PBXTargetDependency;
			target = 39B9297425313E8300DFC401 /* Memeroo */;
			targetProxy = 39B9299725313E8500DFC401 /* PBXContainerItemProxy */;
		};
/* End PBXTargetDependency section */

/* Begin XCBuildConfiguration section */
		39B9299D25313E8500DFC401 /* Debug */ = {
			isa = XCBuildConfiguration;
			buildSettings = {
				ALWAYS_SEARCH_USER_PATHS = NO;
				CLANG_ANALYZER_NONNULL = YES;
				CLANG_ANALYZER_NUMBER_OBJECT_CONVERSION = YES_AGGRESSIVE;
				CLANG_CXX_LANGUAGE_STANDARD = "gnu++14";
				CLANG_CXX_LIBRARY = "libc++";
				CLANG_ENABLE_MODULES = YES;
				CLANG_ENABLE_OBJC_ARC = YES;
				CLANG_ENABLE_OBJC_WEAK = YES;
				CLANG_WARN_BLOCK_CAPTURE_AUTORELEASING = YES;
				CLANG_WARN_BOOL_CONVERSION = YES;
				CLANG_WARN_COMMA = YES;
				CLANG_WARN_CONSTANT_CONVERSION = YES;
				CLANG_WARN_DEPRECATED_OBJC_IMPLEMENTATIONS = YES;
				CLANG_WARN_DIRECT_OBJC_ISA_USAGE = YES_ERROR;
				CLANG_WARN_DOCUMENTATION_COMMENTS = YES;
				CLANG_WARN_EMPTY_BODY = YES;
				CLANG_WARN_ENUM_CONVERSION = YES;
				CLANG_WARN_INFINITE_RECURSION = YES;
				CLANG_WARN_INT_CONVERSION = YES;
				CLANG_WARN_NON_LITERAL_NULL_CONVERSION = YES;
				CLANG_WARN_OBJC_IMPLICIT_RETAIN_SELF = YES;
				CLANG_WARN_OBJC_LITERAL_CONVERSION = YES;
				CLANG_WARN_OBJC_ROOT_CLASS = YES_ERROR;
				CLANG_WARN_QUOTED_INCLUDE_IN_FRAMEWORK_HEADER = YES;
				CLANG_WARN_RANGE_LOOP_ANALYSIS = YES;
				CLANG_WARN_STRICT_PROTOTYPES = YES;
				CLANG_WARN_SUSPICIOUS_MOVE = YES;
				CLANG_WARN_UNGUARDED_AVAILABILITY = YES_AGGRESSIVE;
				CLANG_WARN_UNREACHABLE_CODE = YES;
				CLANG_WARN__DUPLICATE_METHOD_MATCH = YES;
				COPY_PHASE_STRIP = NO;
				DEBUG_INFORMATION_FORMAT = dwarf;
				ENABLE_STRICT_OBJC_MSGSEND = YES;
				ENABLE_TESTABILITY = YES;
				GCC_C_LANGUAGE_STANDARD = gnu11;
				GCC_DYNAMIC_NO_PIC = NO;
				GCC_NO_COMMON_BLOCKS = YES;
				GCC_OPTIMIZATION_LEVEL = 0;
				GCC_PREPROCESSOR_DEFINITIONS = (
					"DEBUG=1",
					"$(inherited)",
				);
				GCC_WARN_64_TO_32_BIT_CONVERSION = YES;
				GCC_WARN_ABOUT_RETURN_TYPE = YES_ERROR;
				GCC_WARN_UNDECLARED_SELECTOR = YES;
				GCC_WARN_UNINITIALIZED_AUTOS = YES_AGGRESSIVE;
				GCC_WARN_UNUSED_FUNCTION = YES;
				GCC_WARN_UNUSED_VARIABLE = YES;
				IPHONEOS_DEPLOYMENT_TARGET = 14.2;
				MTL_ENABLE_DEBUG_INFO = INCLUDE_SOURCE;
				MTL_FAST_MATH = YES;
				ONLY_ACTIVE_ARCH = YES;
				SDKROOT = iphoneos;
				SWIFT_ACTIVE_COMPILATION_CONDITIONS = DEBUG;
				SWIFT_OPTIMIZATION_LEVEL = "-Onone";
			};
			name = Debug;
		};
		39B9299E25313E8500DFC401 /* Release */ = {
			isa = XCBuildConfiguration;
			buildSettings = {
				ALWAYS_SEARCH_USER_PATHS = NO;
				CLANG_ANALYZER_NONNULL = YES;
				CLANG_ANALYZER_NUMBER_OBJECT_CONVERSION = YES_AGGRESSIVE;
				CLANG_CXX_LANGUAGE_STANDARD = "gnu++14";
				CLANG_CXX_LIBRARY = "libc++";
				CLANG_ENABLE_MODULES = YES;
				CLANG_ENABLE_OBJC_ARC = YES;
				CLANG_ENABLE_OBJC_WEAK = YES;
				CLANG_WARN_BLOCK_CAPTURE_AUTORELEASING = YES;
				CLANG_WARN_BOOL_CONVERSION = YES;
				CLANG_WARN_COMMA = YES;
				CLANG_WARN_CONSTANT_CONVERSION = YES;
				CLANG_WARN_DEPRECATED_OBJC_IMPLEMENTATIONS = YES;
				CLANG_WARN_DIRECT_OBJC_ISA_USAGE = YES_ERROR;
				CLANG_WARN_DOCUMENTATION_COMMENTS = YES;
				CLANG_WARN_EMPTY_BODY = YES;
				CLANG_WARN_ENUM_CONVERSION = YES;
				CLANG_WARN_INFINITE_RECURSION = YES;
				CLANG_WARN_INT_CONVERSION = YES;
				CLANG_WARN_NON_LITERAL_NULL_CONVERSION = YES;
				CLANG_WARN_OBJC_IMPLICIT_RETAIN_SELF = YES;
				CLANG_WARN_OBJC_LITERAL_CONVERSION = YES;
				CLANG_WARN_OBJC_ROOT_CLASS = YES_ERROR;
				CLANG_WARN_QUOTED_INCLUDE_IN_FRAMEWORK_HEADER = YES;
				CLANG_WARN_RANGE_LOOP_ANALYSIS = YES;
				CLANG_WARN_STRICT_PROTOTYPES = YES;
				CLANG_WARN_SUSPICIOUS_MOVE = YES;
				CLANG_WARN_UNGUARDED_AVAILABILITY = YES_AGGRESSIVE;
				CLANG_WARN_UNREACHABLE_CODE = YES;
				CLANG_WARN__DUPLICATE_METHOD_MATCH = YES;
				COPY_PHASE_STRIP = NO;
				DEBUG_INFORMATION_FORMAT = "dwarf-with-dsym";
				ENABLE_NS_ASSERTIONS = NO;
				ENABLE_STRICT_OBJC_MSGSEND = YES;
				GCC_C_LANGUAGE_STANDARD = gnu11;
				GCC_NO_COMMON_BLOCKS = YES;
				GCC_WARN_64_TO_32_BIT_CONVERSION = YES;
				GCC_WARN_ABOUT_RETURN_TYPE = YES_ERROR;
				GCC_WARN_UNDECLARED_SELECTOR = YES;
				GCC_WARN_UNINITIALIZED_AUTOS = YES_AGGRESSIVE;
				GCC_WARN_UNUSED_FUNCTION = YES;
				GCC_WARN_UNUSED_VARIABLE = YES;
				IPHONEOS_DEPLOYMENT_TARGET = 14.2;
				MTL_ENABLE_DEBUG_INFO = NO;
				MTL_FAST_MATH = YES;
				SDKROOT = iphoneos;
				SWIFT_COMPILATION_MODE = wholemodule;
				SWIFT_OPTIMIZATION_LEVEL = "-O";
				VALIDATE_PRODUCT = YES;
			};
			name = Release;
		};
		39B929A025313E8500DFC401 /* Debug */ = {
			isa = XCBuildConfiguration;
			buildSettings = {
				ASSETCATALOG_COMPILER_APPICON_NAME = AppIcon;
				ASSETCATALOG_COMPILER_GLOBAL_ACCENT_COLOR_NAME = AccentColor;
				CODE_SIGN_STYLE = Automatic;
				DEVELOPMENT_ASSET_PATHS = "\"Memeroo/Assets/Preview Content\"";
				DEVELOPMENT_TEAM = WEFRB4UV59;
				ENABLE_PREVIEWS = YES;
				INFOPLIST_FILE = Memeroo/Info.plist;
				IPHONEOS_DEPLOYMENT_TARGET = 14.0;
				LD_RUNPATH_SEARCH_PATHS = (
					"$(inherited)",
					"@executable_path/Frameworks",
				);
				MARKETING_VERSION = 1.1;
				PRODUCT_BUNDLE_IDENTIFIER = com.awesomesauce.Memeroo;
				PRODUCT_NAME = "$(TARGET_NAME)";
				SWIFT_VERSION = 5.0;
				TARGETED_DEVICE_FAMILY = "1,2";
			};
			name = Debug;
		};
		39B929A125313E8500DFC401 /* Release */ = {
			isa = XCBuildConfiguration;
			buildSettings = {
				ASSETCATALOG_COMPILER_APPICON_NAME = AppIcon;
				ASSETCATALOG_COMPILER_GLOBAL_ACCENT_COLOR_NAME = AccentColor;
				CODE_SIGN_STYLE = Automatic;
				DEVELOPMENT_ASSET_PATHS = "\"Memeroo/Assets/Preview Content\"";
				DEVELOPMENT_TEAM = WEFRB4UV59;
				ENABLE_PREVIEWS = YES;
				INFOPLIST_FILE = Memeroo/Info.plist;
				IPHONEOS_DEPLOYMENT_TARGET = 14.0;
				LD_RUNPATH_SEARCH_PATHS = (
					"$(inherited)",
					"@executable_path/Frameworks",
				);
				MARKETING_VERSION = 1.1;
				PRODUCT_BUNDLE_IDENTIFIER = com.awesomesauce.Memeroo;
				PRODUCT_NAME = "$(TARGET_NAME)";
				SWIFT_VERSION = 5.0;
				TARGETED_DEVICE_FAMILY = "1,2";
			};
			name = Release;
		};
		39B929A325313E8500DFC401 /* Debug */ = {
			isa = XCBuildConfiguration;
			buildSettings = {
				ALWAYS_EMBED_SWIFT_STANDARD_LIBRARIES = YES;
				BUNDLE_LOADER = "$(TEST_HOST)";
				CODE_SIGN_STYLE = Automatic;
				DEVELOPMENT_TEAM = E5AAHWL9DL;
				INFOPLIST_FILE = MemerooTests/Info.plist;
				IPHONEOS_DEPLOYMENT_TARGET = 14.0;
				LD_RUNPATH_SEARCH_PATHS = (
					"$(inherited)",
					"@executable_path/Frameworks",
					"@loader_path/Frameworks",
				);
				PRODUCT_BUNDLE_IDENTIFIER = com.awesomesauce.MemerooTests;
				PRODUCT_NAME = "$(TARGET_NAME)";
				SWIFT_VERSION = 5.0;
				TARGETED_DEVICE_FAMILY = "1,2";
				TEST_HOST = "$(BUILT_PRODUCTS_DIR)/Memeroo.app/Memeroo";
			};
			name = Debug;
		};
		39B929A425313E8500DFC401 /* Release */ = {
			isa = XCBuildConfiguration;
			buildSettings = {
				ALWAYS_EMBED_SWIFT_STANDARD_LIBRARIES = YES;
				BUNDLE_LOADER = "$(TEST_HOST)";
				CODE_SIGN_STYLE = Automatic;
				DEVELOPMENT_TEAM = E5AAHWL9DL;
				INFOPLIST_FILE = MemerooTests/Info.plist;
				IPHONEOS_DEPLOYMENT_TARGET = 14.0;
				LD_RUNPATH_SEARCH_PATHS = (
					"$(inherited)",
					"@executable_path/Frameworks",
					"@loader_path/Frameworks",
				);
				PRODUCT_BUNDLE_IDENTIFIER = com.awesomesauce.MemerooTests;
				PRODUCT_NAME = "$(TARGET_NAME)";
				SWIFT_VERSION = 5.0;
				TARGETED_DEVICE_FAMILY = "1,2";
				TEST_HOST = "$(BUILT_PRODUCTS_DIR)/Memeroo.app/Memeroo";
			};
			name = Release;
		};
		39B929A625313E8500DFC401 /* Debug */ = {
			isa = XCBuildConfiguration;
			buildSettings = {
				ALWAYS_EMBED_SWIFT_STANDARD_LIBRARIES = YES;
				CODE_SIGN_STYLE = Automatic;
				DEVELOPMENT_TEAM = E5AAHWL9DL;
				INFOPLIST_FILE = MemerooUITests/Info.plist;
				LD_RUNPATH_SEARCH_PATHS = (
					"$(inherited)",
					"@executable_path/Frameworks",
					"@loader_path/Frameworks",
				);
				PRODUCT_BUNDLE_IDENTIFIER = com.awesomesauce.MemerooUITests;
				PRODUCT_NAME = "$(TARGET_NAME)";
				SWIFT_VERSION = 5.0;
				TARGETED_DEVICE_FAMILY = "1,2";
				TEST_TARGET_NAME = Memeroo;
			};
			name = Debug;
		};
		39B929A725313E8500DFC401 /* Release */ = {
			isa = XCBuildConfiguration;
			buildSettings = {
				ALWAYS_EMBED_SWIFT_STANDARD_LIBRARIES = YES;
				CODE_SIGN_STYLE = Automatic;
				DEVELOPMENT_TEAM = E5AAHWL9DL;
				INFOPLIST_FILE = MemerooUITests/Info.plist;
				LD_RUNPATH_SEARCH_PATHS = (
					"$(inherited)",
					"@executable_path/Frameworks",
					"@loader_path/Frameworks",
				);
				PRODUCT_BUNDLE_IDENTIFIER = com.awesomesauce.MemerooUITests;
				PRODUCT_NAME = "$(TARGET_NAME)";
				SWIFT_VERSION = 5.0;
				TARGETED_DEVICE_FAMILY = "1,2";
				TEST_TARGET_NAME = Memeroo;
			};
			name = Release;
		};
/* End XCBuildConfiguration section */

/* Begin XCConfigurationList section */
		39B9297025313E8300DFC401 /* Build configuration list for PBXProject "Memeroo" */ = {
			isa = XCConfigurationList;
			buildConfigurations = (
				39B9299D25313E8500DFC401 /* Debug */,
				39B9299E25313E8500DFC401 /* Release */,
			);
			defaultConfigurationIsVisible = 0;
			defaultConfigurationName = Release;
		};
		39B9299F25313E8500DFC401 /* Build configuration list for PBXNativeTarget "Memeroo" */ = {
			isa = XCConfigurationList;
			buildConfigurations = (
				39B929A025313E8500DFC401 /* Debug */,
				39B929A125313E8500DFC401 /* Release */,
			);
			defaultConfigurationIsVisible = 0;
			defaultConfigurationName = Release;
		};
		39B929A225313E8500DFC401 /* Build configuration list for PBXNativeTarget "MemerooTests" */ = {
			isa = XCConfigurationList;
			buildConfigurations = (
				39B929A325313E8500DFC401 /* Debug */,
				39B929A425313E8500DFC401 /* Release */,
			);
			defaultConfigurationIsVisible = 0;
			defaultConfigurationName = Release;
		};
		39B929A525313E8500DFC401 /* Build configuration list for PBXNativeTarget "MemerooUITests" */ = {
			isa = XCConfigurationList;
			buildConfigurations = (
				39B929A625313E8500DFC401 /* Debug */,
				39B929A725313E8500DFC401 /* Release */,
			);
			defaultConfigurationIsVisible = 0;
			defaultConfigurationName = Release;
		};
/* End XCConfigurationList section */

/* Begin XCRemoteSwiftPackageReference section */
		39E5CDD825353DF7001C338C /* XCRemoteSwiftPackageReference "TOCropViewController" */ = {
			isa = XCRemoteSwiftPackageReference;
			repositoryURL = "https://github.com/TimOliver/TOCropViewController.git";
			requirement = {
				kind = upToNextMajorVersion;
				minimumVersion = 2.5.5;
			};
		};
/* End XCRemoteSwiftPackageReference section */

/* Begin XCSwiftPackageProductDependency section */
		39E5CDD925353DF7001C338C /* CropViewController */ = {
			isa = XCSwiftPackageProductDependency;
			package = 39E5CDD825353DF7001C338C /* XCRemoteSwiftPackageReference "TOCropViewController" */;
			productName = CropViewController;
		};
		39E5CDDB25353DF7001C338C /* TOCropViewController */ = {
			isa = XCSwiftPackageProductDependency;
			package = 39E5CDD825353DF7001C338C /* XCRemoteSwiftPackageReference "TOCropViewController" */;
			productName = TOCropViewController;
		};
/* End XCSwiftPackageProductDependency section */

/* Begin XCVersionGroup section */
		39B9298325313E8500DFC401 /* Memeroo.xcdatamodeld */ = {
			isa = XCVersionGroup;
			children = (
				39B9298425313E8500DFC401 /* Memeroo.xcdatamodel */,
			);
			currentVersion = 39B9298425313E8500DFC401 /* Memeroo.xcdatamodel */;
			path = Memeroo.xcdatamodeld;
			sourceTree = "<group>";
			versionGroupType = wrapper.xcdatamodel;
		};
/* End XCVersionGroup section */
	};
	rootObject = 39B9296D25313E8300DFC401 /* Project object */;
}
